<?xml version="1.0" encoding="utf-8"?>
<Project ToolsVersion="4.0" xmlns="http://schemas.microsoft.com/developer/msbuild/2003">
  <ItemGroup>
    <Filter Include="Source Files">
      <UniqueIdentifier>{4FC737F1-C7A5-4376-A066-2A32D752A2FF}</UniqueIdentifier>
      <Extensions>cpp;c;cc;cxx;c++;cppm;ixx;def;odl;idl;hpj;bat;asm;asmx</Extensions>
    </Filter>
    <Filter Include="Header Files">
      <UniqueIdentifier>{93995380-89BD-4b04-88EB-625FBE52EBFB}</UniqueIdentifier>
      <Extensions>h;hh;hpp;hxx;h++;hm;inl;inc;ipp;xsd</Extensions>
    </Filter>
    <Filter Include="Resource Files">
      <UniqueIdentifier>{67DA6AB6-F800-4c08-8B7A-83BB121AAD01}</UniqueIdentifier>
      <Extensions>rc;ico;cur;bmp;dlg;rc2;rct;bin;rgs;gif;jpg;jpeg;jpe;resx;tiff;tif;png;wav;mfcribbon-ms</Extensions>
    </Filter>
    <Filter Include="Resource Files\Models">
      <UniqueIdentifier>{c5510f22-7bfa-4538-b90a-31ad3c61eb49}</UniqueIdentifier>
    </Filter>
    <Filter Include="Resource Files\Metal">
      <UniqueIdentifier>{af303d38-2cf7-474b-89a9-4af8e98ed332}</UniqueIdentifier>
    </Filter>
    <Filter Include="Resource Files\Shaders">
      <UniqueIdentifier>{11bc0f0a-6b0f-4f14-a341-5aa460864f43}</UniqueIdentifier>
    </Filter>
    <Filter Include="Resource Files\Textures">
      <UniqueIdentifier>{f3b9f962-b6cd-4e52-b9d1-303baea7a902}</UniqueIdentifier>
    </Filter>
  </ItemGroup>
  <ItemGroup>
    <ClCompile Include="Game.cpp">
      <Filter>Source Files</Filter>
    </ClCompile>
    <ClCompile Include="Window.cpp">
      <Filter>Source Files</Filter>
    </ClCompile>
    <ClCompile Include="Mesh.cpp">
      <Filter>Source Files</Filter>
    </ClCompile>
    <ClCompile Include="GameEntity.cpp">
      <Filter>Source Files</Filter>
    </ClCompile>
    <ClCompile Include="Shader.cpp">
      <Filter>Source Files</Filter>
    </ClCompile>
    <ClCompile Include="imgui\imgui.cpp">
      <Filter>Source Files</Filter>
    </ClCompile>
    <ClCompile Include="imgui\imgui_demo.cpp">
      <Filter>Source Files</Filter>
    </ClCompile>
    <ClCompile Include="imgui\imgui_draw.cpp">
      <Filter>Source Files</Filter>
    </ClCompile>
    <ClCompile Include="imgui\imgui_impl_glfw.cpp">
      <Filter>Source Files</Filter>
    </ClCompile>
    <ClCompile Include="imgui\imgui_impl_opengl3.cpp">
      <Filter>Source Files</Filter>
    </ClCompile>
    <ClCompile Include="imgui\imgui_tables.cpp">
      <Filter>Source Files</Filter>
    </ClCompile>
    <ClCompile Include="imgui\imgui_widgets.cpp">
      <Filter>Source Files</Filter>
    </ClCompile>
    <ClCompile Include="Camera.cpp">
      <Filter>Source Files</Filter>
    </ClCompile>
    <ClCompile Include="Light.cpp">
      <Filter>Source Files</Filter>
    </ClCompile>
  </ItemGroup>
  <ItemGroup>
    <ClInclude Include="Window.h">
      <Filter>Header Files</Filter>
    </ClInclude>
    <ClInclude Include="Mesh.h">
      <Filter>Header Files</Filter>
    </ClInclude>
    <ClInclude Include="Material.h">
      <Filter>Header Files</Filter>
    </ClInclude>
    <ClInclude Include="Uniform.h">
      <Filter>Header Files</Filter>
    </ClInclude>
    <ClInclude Include="AssetLoader.h">
      <Filter>Header Files</Filter>
    </ClInclude>
    <ClInclude Include="GameEntity.h">
      <Filter>Header Files</Filter>
    </ClInclude>
    <ClInclude Include="Shader.h">
      <Filter>Header Files</Filter>
    </ClInclude>
    <ClInclude Include="GlobalHeader.h">
      <Filter>Header Files</Filter>
    </ClInclude>
    <ClInclude Include="Light.h">
      <Filter>Header Files</Filter>
    </ClInclude>
    <ClInclude Include="UIManager.hpp">
      <Filter>Source Files</Filter>
    </ClInclude>
    <ClInclude Include="EnvoirmentMap.hpp">
      <Filter>Header Files</Filter>
    </ClInclude>
    <ClInclude Include="ShadowMap.hpp">
      <Filter>Source Files</Filter>
    </ClInclude>
    <ClInclude Include="Camera.h">
      <Filter>Header Files</Filter>
    </ClInclude>
    <ClInclude Include="DungeonGenerator.h">
      <Filter>Source Files</Filter>
    </ClInclude>
  </ItemGroup>
  <ItemGroup>
    <None Include="Shaders\FragPBR.glsl">
      <Filter>Resource Files\Shaders</Filter>
    </None>
    <None Include="Shaders\FragEnv.glsl">
      <Filter>Resource Files\Shaders</Filter>
    </None>
    <None Include="Shaders\VertOrth.glsl">
      <Filter>Resource Files\Shaders</Filter>
    </None>
    <None Include="Shaders\VertScreen.glsl">
      <Filter>Resource Files\Shaders</Filter>
    </None>
    <None Include="Monke.m">
      <Filter>Resource Files\Models</Filter>
    </None>
    <None Include="sphere1.m">
      <Filter>Resource Files\Models</Filter>
    </None>
    <None Include="Shaders\FragShadowMap.glsl">
      <Filter>Resource Files\Shaders</Filter>
    </None>
    <None Include="Shaders\GeoShadowMap.glsl">
      <Filter>Resource Files\Shaders</Filter>
    </None>
    <None Include="Shaders\VertShadownMap.glsl">
      <Filter>Resource Files\Shaders</Filter>
    </None>
    <None Include="env4k.hdr">
      <Filter>Resource Files\Textures</Filter>
    </None>
    <None Include="..\..\..\Users\tixis\Downloads\cube3.m">
      <Filter>Resource Files\Models</Filter>
    </None>
  </ItemGroup>
  <ItemGroup>
    <Image Include="Metal\metal_0002_color_1k.jpg">
      <Filter>Resource Files\Metal</Filter>
    </Image>
    <Image Include="Metal\metal_0002_metallic_1k.jpg">
      <Filter>Resource Files\Metal</Filter>
    </Image>
    <Image Include="Metal\metal_0002_roughness_1k.jpg">
      <Filter>Resource Files\Metal</Filter>
    </Image>
    <Image Include="Test.png">
      <Filter>Resource Files\Textures</Filter>
    </Image>
    <Image Include="rosewood_arm.jpg">
      <Filter>Resource Files\Textures</Filter>
    </Image>
    <Image Include="rosewood_diff.jpg">
      <Filter>Resource Files\Textures</Filter>
    </Image>
    <Image Include="rosewood_nor.jpg">
      <Filter>Resource Files\Textures</Filter>
    </Image>
    <Image Include="rosewood_rough.jpg">
      <Filter>Resource Files\Textures</Filter>
    </Image>
    <Image Include="tailo-kazuya-gridhorizon.jpg">
      <Filter>Resource Files\Textures</Filter>
    </Image>
    <Image Include="env.jpg">
      <Filter>Resource Files\Textures</Filter>
    </Image>
    <Image Include="LowWardrobe_Material_AlbedoTransparency.png">
      <Filter>Resource Files</Filter>
    </Image>
    <Image Include="LowWardrobe_Material_MetallicSmoothness.png">
      <Filter>Resource Files</Filter>
    </Image>
    <Image Include="LowWardrobe_Material_Normal.png">
      <Filter>Resource Files</Filter>
    </Image>
  </ItemGroup>
</Project>